{
  "name": "hh",
  "version": "1.0.0",
  "lockfileVersion": 2,
  "requires": true,
  "packages": {
    "": {
      "name": "hh",
      "version": "1.0.0",
      "license": "ISC",
      "dependencies": {
        "meshline": "^2.0.3",
        "three": "^0.136.0",
        "three-line2": "^1.1.9",
        "three.meshline": "^1.0.0"
      }
    },
    "node_modules/gl-vec2": {
      "version": "1.3.0",
      "resolved": "https://registry.npmjs.org/gl-vec2/-/gl-vec2-1.3.0.tgz",
      "integrity": "sha512-YiqaAuNsheWmUV0Sa8k94kBB0D6RWjwZztyO+trEYS8KzJ6OQB/4686gdrf59wld4hHFIvaxynO3nRxpk1Ij/A=="
    },
    "node_modules/inherits": {
      "version": "2.0.4",
      "resolved": "https://registry.npmjs.org/inherits/-/inherits-2.0.4.tgz",
      "integrity": "sha512-k/vGaX4/Yla3WzyMCvTQOXYeIHvqOKtnqBduzTHpzpQZzAskKMhZ2K+EnBiSM9zGSoIFeMpXKxa4dYeZIQqewQ=="
    },
    "node_modules/meshline": {
      "version": "2.0.3",
      "resolved": "https://registry.npmjs.org/meshline/-/meshline-2.0.3.tgz",
      "integrity": "sha512-Xadw4xmmQcSsS636hppJJXkRQBofxU1jP7ptaop7KFUbYrJtN9Av5pKTL10cK8wBh1xAQEzSwD3HQt0YjRV41A==",
      "dependencies": {
        "three": "^0.129.0"
      },
      "peerDependencies": {
        "three": ">=0.126.0"
      }
    },
    "node_modules/meshline/node_modules/three": {
      "version": "0.129.0",
      "resolved": "https://registry.npmjs.org/three/-/three-0.129.0.tgz",
      "integrity": "sha512-wiWio1yVRg2Oj6WEWsTHQo5eSzYpEwSBtPSi3OofNpvFbf26HFfb9kw4FZJNjII4qxzp0b1xLB11+tKkBGB1ZA=="
    },
    "node_modules/object-assign": {
      "version": "4.1.1",
      "resolved": "https://registry.npmjs.org/object-assign/-/object-assign-4.1.1.tgz",
      "integrity": "sha1-IQmtx5ZYh8/AXLvUQsrIv7s2CGM=",
      "engines": {
        "node": ">=0.10.0"
      }
    },
    "node_modules/polyline-miter-util": {
      "version": "1.0.1",
      "resolved": "https://registry.npmjs.org/polyline-miter-util/-/polyline-miter-util-1.0.1.tgz",
      "integrity": "sha1-tpPyOJ6g3tNqa89ezS7OS2kX2Vc=",
      "dependencies": {
        "gl-vec2": "^1.0.0"
      }
    },
    "node_modules/polyline-normals": {
      "version": "2.0.2",
      "resolved": "https://registry.npmjs.org/polyline-normals/-/polyline-normals-2.0.2.tgz",
      "integrity": "sha1-oXN+ddjA3MsaWR+csn8J7vS30TU=",
      "dependencies": {
        "polyline-miter-util": "^1.0.1"
      }
    },
    "node_modules/three": {
      "version": "0.136.0",
      "resolved": "https://registry.npmjs.org/three/-/three-0.136.0.tgz",
      "integrity": "sha512-+fEMX7nYLz2ZesVP/dyifli5Jf8gR3XPAnFJveQ80aMhibFduzrADnjMbARXh8+W9qLK7rshJCjAIL/6cDxC+A=="
    },
    "node_modules/three-line2": {
      "version": "1.1.9",
      "resolved": "https://registry.npmjs.org/three-line2/-/three-line2-1.1.9.tgz",
      "integrity": "sha512-5tGN5GTNmU/nkVOG+THTjz8poSF4MDa/7hkf6UOIJuU4cbX2t+nhPDpSP9RfGxEQMGIpbromJd1N1mAL+nklBA==",
      "dependencies": {
        "inherits": "^2.0.1",
        "object-assign": "^4.0.1",
        "polyline-normals": "^2.0.0"
      }
    },
    "node_modules/three.meshline": {
      "version": "1.3.0",
      "resolved": "https://registry.npmjs.org/three.meshline/-/three.meshline-1.3.0.tgz",
      "integrity": "sha512-ZEb6cZiMh7RFPAQ0320aVBQx1CK4/wFffG9NNAArfX4KBPSJzjS19tYSuhNX7eZ1trU4blEHixz1EXkXN33++w=="
    }
  },
  "dependencies": {
    "gl-vec2": {
      "version": "1.3.0",
      "resolved": "https://registry.npmjs.org/gl-vec2/-/gl-vec2-1.3.0.tgz",
      "integrity": "sha512-YiqaAuNsheWmUV0Sa8k94kBB0D6RWjwZztyO+trEYS8KzJ6OQB/4686gdrf59wld4hHFIvaxynO3nRxpk1Ij/A=="
    },
    "inherits": {
      "version": "2.0.4",
      "resolved": "https://registry.npmjs.org/inherits/-/inherits-2.0.4.tgz",
      "integrity": "sha512-k/vGaX4/Yla3WzyMCvTQOXYeIHvqOKtnqBduzTHpzpQZzAskKMhZ2K+EnBiSM9zGSoIFeMpXKxa4dYeZIQqewQ=="
    },
    "meshline": {
      "version": "2.0.3",
      "resolved": "https://registry.npmjs.org/meshline/-/meshline-2.0.3.tgz",
      "integrity": "sha512-Xadw4xmmQcSsS636hppJJXkRQBofxU1jP7ptaop7KFUbYrJtN9Av5pKTL10cK8wBh1xAQEzSwD3HQt0YjRV41A==",
      "requires": {
        "three": "^0.129.0"
      },
      "dependencies": {
        "three": {
          "version": "0.129.0",
          "resolved": "https://registry.npmjs.org/three/-/three-0.129.0.tgz",
          "integrity": "sha512-wiWio1yVRg2Oj6WEWsTHQo5eSzYpEwSBtPSi3OofNpvFbf26HFfb9kw4FZJNjII4qxzp0b1xLB11+tKkBGB1ZA=="
        }
      }
    },
    "object-assign": {
      "version": "4.1.1",
      "resolved": "https://registry.npmjs.org/object-assign/-/object-assign-4.1.1.tgz",
      "integrity": "sha1-IQmtx5ZYh8/AXLvUQsrIv7s2CGM="
    },
    "polyline-miter-util": {
      "version": "1.0.1",
      "resolved": "https://registry.npmjs.org/polyline-miter-util/-/polyline-miter-util-1.0.1.tgz",
      "integrity": "sha1-tpPyOJ6g3tNqa89ezS7OS2kX2Vc=",
      "requires": {
        "gl-vec2": "^1.0.0"
      }
    },
    "polyline-normals": {
      "version": "2.0.2",
      "resolved": "https://registry.npmjs.org/polyline-normals/-/polyline-normals-2.0.2.tgz",
      "integrity": "sha1-oXN+ddjA3MsaWR+csn8J7vS30TU=",
      "requires": {
        "polyline-miter-util": "^1.0.1"
      }
    },
    "three": {
      "version": "0.136.0",
      "resolved": "https://registry.npmjs.org/three/-/three-0.136.0.tgz",
      "integrity": "sha512-+fEMX7nYLz2ZesVP/dyifli5Jf8gR3XPAnFJveQ80aMhibFduzrADnjMbARXh8+W9qLK7rshJCjAIL/6cDxC+A=="
    },
    "three-line2": {
      "version": "1.1.9",
      "resolved": "https://registry.npmjs.org/three-line2/-/three-line2-1.1.9.tgz",
      "integrity": "sha512-5tGN5GTNmU/nkVOG+THTjz8poSF4MDa/7hkf6UOIJuU4cbX2t+nhPDpSP9RfGxEQMGIpbromJd1N1mAL+nklBA==",
      "requires": {
        "inherits": "^2.0.1",
        "object-assign": "^4.0.1",
        "polyline-normals": "^2.0.0"
      }
    },
    "three.meshline": {
      "version": "1.3.0",
      "resolved": "https://registry.npmjs.org/three.meshline/-/three.meshline-1.3.0.tgz",
      "integrity": "sha512-ZEb6cZiMh7RFPAQ0320aVBQx1CK4/wFffG9NNAArfX4KBPSJzjS19tYSuhNX7eZ1trU4blEHixz1EXkXN33++w=="
    }
  }
}
